// !$*UTF8*$!
{
	archiveVersion = 1;
	classes = {
	};
	objectVersion = 48;
	objects = {

/* Begin PBXBuildFile section */
		33DC05BC207E916F00D83378 /* AppDelegate.swift in Sources */ = {isa = PBXBuildFile; fileRef = 33DC05BB207E916F00D83378 /* AppDelegate.swift */; };
		33DC05BE207E916F00D83378 /* GameScene.sks in Resources */ = {isa = PBXBuildFile; fileRef = 33DC05BD207E916F00D83378 /* GameScene.sks */; };
		33DC05C0207E916F00D83378 /* Actions.sks in Resources */ = {isa = PBXBuildFile; fileRef = 33DC05BF207E916F00D83378 /* Actions.sks */; };
		33DC05C2207E916F00D83378 /* GameScene.swift in Sources */ = {isa = PBXBuildFile; fileRef = 33DC05C1207E916F00D83378 /* GameScene.swift */; };
		33DC05C4207E916F00D83378 /* GameViewController.swift in Sources */ = {isa = PBXBuildFile; fileRef = 33DC05C3207E916F00D83378 /* GameViewController.swift */; };
		33DC05C7207E916F00D83378 /* Main.storyboard in Resources */ = {isa = PBXBuildFile; fileRef = 33DC05C5207E916F00D83378 /* Main.storyboard */; };
		33DC05C9207E916F00D83378 /* Assets.xcassets in Resources */ = {isa = PBXBuildFile; fileRef = 33DC05C8207E916F00D83378 /* Assets.xcassets */; };
		33DC05CC207E916F00D83378 /* LaunchScreen.storyboard in Resources */ = {isa = PBXBuildFile; fileRef = 33DC05CA207E916F00D83378 /* LaunchScreen.storyboard */; };
/* End PBXBuildFile section */

/* Begin PBXFileReference section */
		33DC05B8207E916F00D83378 /* juego.app */ = {isa = PBXFileReference; explicitFileType = wrapper.application; includeInIndex = 0; path = juego.app; sourceTree = BUILT_PRODUCTS_DIR; };
		33DC05BB207E916F00D83378 /* AppDelegate.swift */ = {isa = PBXFileReference; lastKnownFileType = sourcecode.swift; path = AppDelegate.swift; sourceTree = "<group>"; };
		33DC05BD207E916F00D83378 /* GameScene.sks */ = {isa = PBXFileReference; lastKnownFileType = file.sks; path = GameScene.sks; sourceTree = "<group>"; };
		33DC05BF207E916F00D83378 /* Actions.sks */ = {isa = PBXFileReference; lastKnownFileType = file.sks; path = Actions.sks; sourceTree = "<group>"; };
		33DC05C1207E916F00D83378 /* GameScene.swift */ = {isa = PBXFileReference; lastKnownFileType = sourcecode.swift; path = GameScene.swift; sourceTree = "<group>"; };
		33DC05C3207E916F00D83378 /* GameViewController.swift */ = {isa = PBXFileReference; lastKnownFileType = sourcecode.swift; path = GameViewController.swift; sourceTree = "<group>"; };
		33DC05C6207E916F00D83378 /* Base */ = {isa = PBXFileReference; lastKnownFileType = file.storyboard; name = Base; path = Base.lproj/Main.storyboard; sourceTree = "<group>"; };
		33DC05C8207E916F00D83378 /* Assets.xcassets */ = {isa = PBXFileReference; lastKnownFileType = folder.assetcatalog; path = Assets.xcassets; sourceTree = "<group>"; };
		33DC05CB207E916F00D83378 /* Base */ = {isa = PBXFileReference; lastKnownFileType = file.storyboard; name = Base; path = Base.lproj/LaunchScreen.storyboard; sourceTree = "<group>"; };
		33DC05CD207E916F00D83378 /* Info.plist */ = {isa = PBXFileReference; lastKnownFileType = text.plist.xml; path = Info.plist; sourceTree = "<group>"; };
/* End PBXFileReference section */

/* Begin PBXFrameworksBuildPhase section */
		33DC05B5207E916F00D83378 /* Frameworks */ = {
			isa = PBXFrameworksBuildPhase;
			buildActionMask = 2147483647;
			files = (
			);
			runOnlyForDeploymentPostprocessing = 0;
		};
/* End PBXFrameworksBuildPhase section */

/* Begin PBXGroup section */
		33DC05AF207E916F00D83378 = {
			isa = PBXGroup;
			children = (
				33DC05BA207E916F00D83378 /* juego */,
				33DC05B9207E916F00D83378 /* Products */,
			);
			sourceTree = "<group>";
		};
		33DC05B9207E916F00D83378 /* Products */ = {
			isa = PBXGroup;
			children = (
				33DC05B8207E916F00D83378 /* juego.app */,
			);
			name = Products;
			sourceTree = "<group>";
		};
		33DC05BA207E916F00D83378 /* juego */ = {
			isa = PBXGroup;
			children = (
				33DC05BB207E916F00D83378 /* AppDelegate.swift */,
				33DC05BD207E916F00D83378 /* GameScene.sks */,
				33DC05BF207E916F00D83378 /* Actions.sks */,
				33DC05C1207E916F00D83378 /* GameScene.swift */,
				33DC05C3207E916F00D83378 /* GameViewController.swift */,
				33DC05C5207E916F00D83378 /* Main.storyboard */,
				33DC05C8207E916F00D83378 /* Assets.xcassets */,
				33DC05CA207E916F00D83378 /* LaunchScreen.storyboard */,
				33DC05CD207E916F00D83378 /* Info.plist */,
			);
			path = juego;
			sourceTree = "<group>";
		};
/* End PBXGroup section */

/* Begin PBXNativeTarget section */
		33DC05B7207E916F00D83378 /* juego */ = {
			isa = PBXNativeTarget;
			buildConfigurationList = 33DC05D0207E916F00D83378 /* Build configuration list for PBXNativeTarget "juego" */;
			buildPhases = (
				33DC05B4207E916F00D83378 /* Sources */,
				33DC05B5207E916F00D83378 /* Frameworks */,
				33DC05B6207E916F00D83378 /* Resources */,
			);
			buildRules = (
			);
			dependencies = (
			);
			name = juego;
			productName = juego;
			productReference = 33DC05B8207E916F00D83378 /* juego.app */;
			productType = "com.apple.product-type.application";
		};
/* End PBXNativeTarget section */

/* Begin PBXProject section */
		33DC05B0207E916F00D83378 /* Project object */ = {
			isa = PBXProject;
			attributes = {
				LastSwiftUpdateCheck = 0920;
				LastUpgradeCheck = 0920;
				ORGANIZATIONNAME = DAM;
				TargetAttributes = {
					33DC05B7207E916F00D83378 = {
						CreatedOnToolsVersion = 9.2;
						ProvisioningStyle = Automatic;
					};
				};
			};
			buildConfigurationList = 33DC05B3207E916F00D83378 /* Build configuration list for PBXProject "juego" */;
			compatibilityVersion = "Xcode 8.0";
			developmentRegion = en;
			hasScannedForEncodings = 0;
			knownRegions = (
				en,
				Base,
			);
			mainGroup = 33DC05AF207E916F00D83378;
			productRefGroup = 33DC05B9207E916F00D83378 /* Products */;
			projectDirPath = "";
			projectRoot = "";
			targets = (
				33DC05B7207E916F00D83378 /* juego */,
			);
		};
/* End PBXProject section */

/* Begin PBXResourcesBuildPhase section */
		33DC05B6207E916F00D83378 /* Resources */ = {
			isa = PBXResourcesBuildPhase;
			buildActionMask = 2147483647;
			files = (
				33DC05C7207E916F00D83378 /* Main.storyboard in Resources */,
				33DC05BE207E916F00D83378 /* GameScene.sks in Resources */,
				33DC05C9207E916F00D83378 /* Assets.xcassets in Resources */,
				33DC05CC207E916F00D83378 /* LaunchScreen.storyboard in Resources */,
				33DC05C0207E916F00D83378 /* Actions.sks in Resources */,
			);
			runOnlyForDeploymentPostprocessing = 0;
		};
/* End PBXResourcesBuildPhase section */

/* Begin PBXSourcesBuildPhase section */
		33DC05B4207E916F00D83378 /* Sources */ = {
			isa = PBXSourcesBuildPhase;
			buildActionMask = 2147483647;
			files = (
				33DC05C2207E916F00D83378 /* GameScene.swift in Sources */,
				33DC05C4207E916F00D83378 /* GameViewController.swift in Sources */,
				33DC05BC207E916F00D83378 /* AppDelegate.swift in Sources */,
			);
			runOnlyForDeploymentPostprocessing = 0;
		};
/* End PBXSourcesBuildPhase section */

/* Begin PBXVariantGroup section */
		33DC05C5207E916F00D83378 /* Main.storyboard */ = {
			isa = PBXVariantGroup;
			children = (
				33DC05C6207E916F00D83378 /* Base */,
			);
			name = Main.storyboard;
			sourceTree = "<group>";
		};
		33DC05CA207E916F00D83378 /* LaunchScreen.storyboard */ = {
			isa = PBXVariantGroup;
			children = (
				33DC05CB207E916F00D83378 /* Base */,
			);
			name = LaunchScreen.storyboard;
			sourceTree = "<group>";
		};
/* End PBXVariantGroup section */

/* Begin XCBuildConfiguration section */
		33DC05CE207E916F00D83378 /* Debug */ = {
			isa = XCBuildConfiguration;
			buildSettings = {
				ALWAYS_SEARCH_USER_PATHS = NO;
				CLANG_ANALYZER_NONNULL = YES;
				CLANG_ANALYZER_NUMBER_OBJECT_CONVERSION = YES_AGGRESSIVE;
				CLANG_CXX_LANGUAGE_STANDARD = "gnu++14";
				CLANG_CXX_LIBRARY = "libc++";
				CLANG_ENABLE_MODULES = YES;
				CLANG_ENABLE_OBJC_ARC = YES;
				CLANG_WARN_BLOCK_CAPTURE_AUTORELEASING = YES;
				CLANG_WARN_BOOL_CONVERSION = YES;
				CLANG_WARN_COMMA = YES;
				CLANG_WARN_CONSTANT_CONVERSION = YES;
				CLANG_WARN_DIRECT_OBJC_ISA_USAGE = YES_ERROR;
				CLANG_WARN_DOCUMENTATION_COMMENTS = YES;
				CLANG_WARN_EMPTY_BODY = YES;
				CLANG_WARN_ENUM_CONVERSION = YES;
				CLANG_WARN_INFINITE_RECURSION = YES;
				CLANG_WARN_INT_CONVERSION = YES;
				CLANG_WARN_NON_LITERAL_NULL_CONVERSION = YES;
				CLANG_WARN_OBJC_LITERAL_CONVERSION = YES;
				CLANG_WARN_OBJC_ROOT_CLASS = YES_ERROR;
				CLANG_WARN_RANGE_LOOP_ANALYSIS = YES;
				CLANG_WARN_STRICT_PROTOTYPES = YES;
				CLANG_WARN_SUSPICIOUS_MOVE = YES;
				CLANG_WARN_UNGUARDED_AVAILABILITY = YES_AGGRESSIVE;
				CLANG_WARN_UNREACHABLE_CODE = YES;
				CLANG_WARN__DUPLICATE_METHOD_MATCH = YES;
				CODE_SIGN_IDENTITY = "iPhone Developer";
				COPY_PHASE_STRIP = NO;
				DEBUG_INFORMATION_FORMAT = dwarf;
				ENABLE_STRICT_OBJC_MSGSEND = YES;
				ENABLE_TESTABILITY = YES;
				GCC_C_LANGUAGE_STANDARD = gnu11;
				GCC_DYNAMIC_NO_PIC = NO;
				GCC_NO_COMMON_BLOCKS = YES;
				GCC_OPTIMIZATION_LEVEL = 0;
				GCC_PREPROCESSOR_DEFINITIONS = (
					"DEBUG=1",
					"$(inherited)",
				);
				GCC_WARN_64_TO_32_BIT_CONVERSION = YES;
				GCC_WARN_ABOUT_RETURN_TYPE = YES_ERROR;
				GCC_WARN_UNDECLARED_SELECTOR = YES;
				GCC_WARN_UNINITIALIZED_AUTOS = YES_AGGRESSIVE;
				GCC_WARN_UNUSED_FUNCTION = YES;
				GCC_WARN_UNUSED_VARIABLE = YES;
				IPHONEOS_DEPLOYMENT_TARGET = 11.2;
				MTL_ENABLE_DEBUG_INFO = YES;
				ONLY_ACTIVE_ARCH = YES;
				SDKROOT = iphoneos;
				SWIFT_ACTIVE_COMPILATION_CONDITIONS = DEBUG;
				SWIFT_OPTIMIZATION_LEVEL = "-Onone";
			};
			name = Debug;
		};
		33DC05CF207E916F00D83378 /* Release */ = {
			isa = XCBuildConfiguration;
			buildSettings = {
				ALWAYS_SEARCH_USER_PATHS = NO;
				CLANG_ANALYZER_NONNULL = YES;
				CLANG_ANALYZER_NUMBER_OBJECT_CONVERSION = YES_AGGRESSIVE;
				CLANG_CXX_LANGUAGE_STANDARD = "gnu++14";
				CLANG_CXX_LIBRARY = "libc++";
				CLANG_ENABLE_MODULES = YES;
				CLANG_ENABLE_OBJC_ARC = YES;
				CLANG_WARN_BLOCK_CAPTURE_AUTORELEASING = YES;
				CLANG_WARN_BOOL_CONVERSION = YES;
				CLANG_WARN_COMMA = YES;
				CLANG_WARN_CONSTANT_CONVERSION = YES;
				CLANG_WARN_DIRECT_OBJC_ISA_USAGE = YES_ERROR;
				CLANG_WARN_DOCUMENTATION_COMMENTS = YES;
				CLANG_WARN_EMPTY_BODY = YES;
				CLANG_WARN_ENUM_CONVERSION = YES;
				CLANG_WARN_INFINITE_RECURSION = YES;
				CLANG_WARN_INT_CONVERSION = YES;
				CLANG_WARN_NON_LITERAL_NULL_CONVERSION = YES;
				CLANG_WARN_OBJC_LITERAL_CONVERSION = YES;
				CLANG_WARN_OBJC_ROOT_CLASS = YES_ERROR;
				CLANG_WARN_RANGE_LOOP_ANALYSIS = YES;
				CLANG_WARN_STRICT_PROTOTYPES = YES;
				CLANG_WARN_SUSPICIOUS_MOVE = YES;
				CLANG_WARN_UNGUARDED_AVAILABILITY = YES_AGGRESSIVE;
				CLANG_WARN_UNREACHABLE_CODE = YES;
				CLANG_WARN__DUPLICATE_METHOD_MATCH = YES;
				CODE_SIGN_IDENTITY = "iPhone Developer";
				COPY_PHASE_STRIP = NO;
				DEBUG_INFORMATION_FORMAT = "dwarf-with-dsym";
				ENABLE_NS_ASSERTIONS = NO;
				ENABLE_STRICT_OBJC_MSGSEND = YES;
				GCC_C_LANGUAGE_STANDARD = gnu11;
				GCC_NO_COMMON_BLOCKS = YES;
				GCC_WARN_64_TO_32_BIT_CONVERSION = YES;
				GCC_WARN_ABOUT_RETURN_TYPE = YES_ERROR;
				GCC_WARN_UNDECLARED_SELECTOR = YES;
				GCC_WARN_UNINITIALIZED_AUTOS = YES_AGGRESSIVE;
				GCC_WARN_UNUSED_FUNCTION = YES;
				GCC_WARN_UNUSED_VARIABLE = YES;
				IPHONEOS_DEPLOYMENT_TARGET = 11.2;
				MTL_ENABLE_DEBUG_INFO = NO;
				SDKROOT = iphoneos;
				SWIFT_OPTIMIZATION_LEVEL = "-Owholemodule";
				VALIDATE_PRODUCT = YES;
			};
			name = Release;
		};
		33DC05D1207E916F00D83378 /* Debug */ = {
			isa = XCBuildConfiguration;
			buildSettings = {
				ASSETCATALOG_COMPILER_APPICON_NAME = AppIcon;
				CODE_SIGN_STYLE = Automatic;
				INFOPLIST_FILE = juego/Info.plist;
				LD_RUNPATH_SEARCH_PATHS = "$(inherited) @executable_path/Frameworks";
				PRODUCT_BUNDLE_IDENTIFIER = com.doraemon.juego;
				PRODUCT_NAME = "$(TARGET_NAME)";
				SWIFT_VERSION = 4.0;
				TARGETED_DEVICE_FAMILY = "1,2";
			};
			name = Debug;
		};
		33DC05D2207E916F00D83378 /* Release */ = {
			isa = XCBuildConfiguration;
			buildSettings = {
				ASSETCATALOG_COMPILER_APPICON_NAME = AppIcon;
				CODE_SIGN_STYLE = Automatic;
				INFOPLIST_FILE = juego/Info.plist;
				LD_RUNPATH_SEARCH_PATHS = "$(inherited) @executable_path/Frameworks";
				PRODUCT_BUNDLE_IDENTIFIER = com.doraemon.juego;
				PRODUCT_NAME = "$(TARGET_NAME)";
				SWIFT_VERSION = 4.0;
				TARGETED_DEVICE_FAMILY = "1,2";
			};
			name = Release;
		};
/* End XCBuildConfiguration section */

/* Begin XCConfigurationList section */
		33DC05B3207E916F00D83378 /* Build configuration list for PBXProject "juego" */ = {
			isa = XCConfigurationList;
			buildConfigurations = (
				33DC05CE207E916F00D83378 /* Debug */,
				33DC05CF207E916F00D83378 /* Release */,
			);
			defaultConfigurationIsVisible = 0;
			defaultConfigurationName = Release;
		};
		33DC05D0207E916F00D83378 /* Build configuration list for PBXNativeTarget "juego" */ = {
			isa = XCConfigurationList;
			buildConfigurations = (
				33DC05D1207E916F00D83378 /* Debug */,
				33DC05D2207E916F00D83378 /* Release */,
			);
			defaultConfigurationIsVisible = 0;
			defaultConfigurationName = Release;
		};
/* End XCConfigurationList section */
	};
	rootObject = 33DC05B0207E916F00D83378 /* Project object */;
}
